{
  "name": "nodejs-ejabberd",
  "version": "1.0.0",
  "lockfileVersion": 1,
  "requires": true,
  "dependencies": {
    "async": {
      "version": "0.1.22",
      "resolved": "https://registry.npmjs.org/async/-/async-0.1.22.tgz",
      "integrity": "sha1-D8GqoIig4+8Ovi2IMbqw3PiEUGE="
    },
    "colors": {
      "version": "0.6.2",
      "resolved": "https://registry.npmjs.org/colors/-/colors-0.6.2.tgz",
      "integrity": "sha1-JCP+ZnisDF2uiFLl0OW+CMmXq8w="
    },
    "cycle": {
      "version": "1.0.3",
      "resolved": "https://registry.npmjs.org/cycle/-/cycle-1.0.3.tgz",
      "integrity": "sha1-IegLK+hYD5i0aPN5QwZisEbDStI="
    },
    "ejabberd": {
      "version": "0.2.5",
      "resolved": "https://registry.npmjs.org/ejabberd/-/ejabberd-0.2.5.tgz",
      "integrity": "sha1-DEjRxXcnQ0kPN/005qQhn7nlX6Q=",
      "requires": {
        "ejs": "~0.8.3",
        "fs-extra": "~0.3.2",
        "q": "~0.8.11",
        "sudo": "~1.0.3",
        "underscore": "~1.4.3",
        "which": "~1.0.0",
        "winston": "~0.6.2"
      }
    },
    "ejs": {
      "version": "0.8.8",
      "resolved": "https://registry.npmjs.org/ejs/-/ejs-0.8.8.tgz",
      "integrity": "sha1-/9xW3MNdApJt1QrRNDm7xUBh1Zg="
    },
    "eyes": {
      "version": "0.1.8",
      "resolved": "https://registry.npmjs.org/eyes/-/eyes-0.1.8.tgz",
      "integrity": "sha1-Ys8SAjTGg3hdkCNIqADvPgzCC8A="
    },
    "fs-extra": {
      "version": "0.3.2",
      "resolved": "https://registry.npmjs.org/fs-extra/-/fs-extra-0.3.2.tgz",
      "integrity": "sha1-B0ebBCx9e1zSCwpcHGflW1b3GTs=",
      "requires": {
        "jsonfile": "0.0.x",
        "mkdirp": "0.3.x",
        "ncp": "0.2.x",
        "rimraf": "~2.0.2"
      }
    },
    "graceful-fs": {
      "version": "1.1.14",
      "resolved": "https://registry.npmjs.org/graceful-fs/-/graceful-fs-1.1.14.tgz",
      "integrity": "sha1-BweNtfY3f2Mh/Oqu30l94STclGU=",
      "optional": true
    },
    "inpath": {
      "version": "1.0.2",
      "resolved": "https://registry.npmjs.org/inpath/-/inpath-1.0.2.tgz",
      "integrity": "sha1-SsIZcQ7Hpy9GD/lL9CTdPvDlKBc="
    },
    "jsonfile": {
      "version": "0.0.1",
      "resolved": "https://registry.npmjs.org/jsonfile/-/jsonfile-0.0.1.tgz",
      "integrity": "sha1-tfn1FRIbKETyy/4UM4tVx5gA4dg="
    },
    "mkdirp": {
      "version": "0.3.5",
      "resolved": "https://registry.npmjs.org/mkdirp/-/mkdirp-0.3.5.tgz",
      "integrity": "sha1-3j5fiWHIjHh+4TaN+EmsRBPsqNc="
    },
    "mute-stream": {
      "version": "0.0.8",
      "resolved": "https://registry.npmjs.org/mute-stream/-/mute-stream-0.0.8.tgz",
      "integrity": "sha512-nnbWWOkoWyUsTjKrhgD0dcz22mdkSnpYqbEjIm2nhwhuxlSkpywJmBo8h0ZqJdkp73mb90SssHkN4rsRaBAfAA=="
    },
    "ncp": {
      "version": "0.2.7",
      "resolved": "https://registry.npmjs.org/ncp/-/ncp-0.2.7.tgz",
      "integrity": "sha1-RvrCt92iVgpMt+YoZ3vV9k6sW+E="
    },
    "pidof": {
      "version": "1.0.2",
      "resolved": "https://registry.npmjs.org/pidof/-/pidof-1.0.2.tgz",
      "integrity": "sha1-+6Dq4cgzWhHrgJn10PPvvEXLTpA="
    },
    "pkginfo": {
      "version": "0.2.3",
      "resolved": "https://registry.npmjs.org/pkginfo/-/pkginfo-0.2.3.tgz",
      "integrity": "sha1-cjnEKl72wwuPMoQ52bn/cQQkkPg="
    },
    "q": {
      "version": "0.8.12",
      "resolved": "https://registry.npmjs.org/q/-/q-0.8.12.tgz",
      "integrity": "sha1-kWKpHhGBnEvNp9oVz1/vqtB3iCM="
    },
    "read": {
      "version": "1.0.7",
      "resolved": "https://registry.npmjs.org/read/-/read-1.0.7.tgz",
      "integrity": "sha1-s9oZvQUkMal2cdRKQmNK33ELQMQ=",
      "requires": {
        "mute-stream": "~0.0.4"
      }
    },
    "request": {
      "version": "2.9.203",
      "resolved": "https://registry.npmjs.org/request/-/request-2.9.203.tgz",
      "integrity": "sha1-bBcRpUB/uUoRQhlWPkQUW8v0cjo="
    },
    "rimraf": {
      "version": "2.0.3",
      "resolved": "https://registry.npmjs.org/rimraf/-/rimraf-2.0.3.tgz",
      "integrity": "sha1-9QopZecUTpr9mYmC8V33BnMPVqk=",
      "requires": {
        "graceful-fs": "~1.1"
      }
    },
    "stack-trace": {
      "version": "0.0.10",
      "resolved": "https://registry.npmjs.org/stack-trace/-/stack-trace-0.0.10.tgz",
      "integrity": "sha1-VHxws0fo0ytOEI6hoqFZ5f3eGcA="
    },
    "sudo": {
      "version": "1.0.3",
      "resolved": "https://registry.npmjs.org/sudo/-/sudo-1.0.3.tgz",
      "integrity": "sha1-zPKGaRIPi3T4K4Rt/38clRIO/yA=",
      "requires": {
        "inpath": "~1.0.2",
        "pidof": "~1.0.2",
        "read": "~1.0.3"
      }
    },
    "underscore": {
      "version": "1.4.4",
      "resolved": "https://registry.npmjs.org/underscore/-/underscore-1.4.4.tgz",
      "integrity": "sha1-YaajIBBiKvoHljvzJSA88SI51gQ="
    },
    "which": {
      "version": "1.0.9",
      "resolved": "https://registry.npmjs.org/which/-/which-1.0.9.tgz",
      "integrity": "sha1-RgwdoPgQED0DIam2M6+eV15kSG8="
    },
    "winston": {
      "version": "0.6.2",
      "resolved": "https://registry.npmjs.org/winston/-/winston-0.6.2.tgz",
      "integrity": "sha1-QUT+JYbNwZphK/jANVkBMskGS9I=",
      "requires": {
        "async": "0.1.x",
        "colors": "0.x.x",
        "cycle": "1.0.x",
        "eyes": "0.1.x",
        "pkginfo": "0.2.x",
        "request": "2.9.x",
        "stack-trace": "0.0.x"
      }
    }
  }
}
